
Microsoft Visual Studio Solution File, Format Version 12.00
# Visual Studio Version 17
VisualStudioVersion = 17.0.31903.59
MinimumVisualStudioVersion = 10.0.40219.1
Project("{FAE04EC0-301F-11D3-BF4B-00C04F79EFBC}") = "BL", "BL\BL.csproj", "{4907CAD7-0248-4676-8E60-34BBBB425B65}"
EndProject
Project("{FAE04EC0-301F-11D3-BF4B-00C04F79EFBC}") = "DAL", "DAL\DAL.csproj", "{959E5B6E-C327-458B-862F-6887E9D1BACE}"
EndProject
Project("{FAE04EC0-301F-11D3-BF4B-00C04F79EFBC}") = "Domain", "Domain\Domain.csproj", "{F96432EF-CF74-4623-926B-F13F2859EAA4}"
EndProject
Project("{FAE04EC0-301F-11D3-BF4B-00C04F79EFBC}") = "REST", "REST\REST.csproj", "{A27E469C-104D-4411-A583-9B56EE04A4E1}"
EndProject
Project("{FAE04EC0-301F-11D3-BF4B-00C04F79EFBC}") = "Tests", "Tests\Tests.csproj", "{B8A23451-EEDE-40B6-9823-B39B89A34DDC}"
EndProject
Project("{2150E333-8FDC-42A3-9474-1A3956D46DE8}") = "ClientApp", "ClientApp", "{2CAAE150-B8B3-4F6E-8A1A-836713F39CB8}"
	ProjectSection(SolutionItems) = preProject
		REST\ClientApp\package.json = REST\ClientApp\package.json
		REST\ClientApp\pnpm-lock.yaml = REST\ClientApp\pnpm-lock.yaml
		REST\ClientApp\tsconfig.json = REST\ClientApp\tsconfig.json
		REST\ClientApp\vite.config.ts = REST\ClientApp\vite.config.ts
	EndProjectSection
EndProject
Global
	GlobalSection(SolutionConfigurationPlatforms) = preSolution
		Debug|Any CPU = Debug|Any CPU
		Release|Any CPU = Release|Any CPU
	EndGlobalSection
	GlobalSection(SolutionProperties) = preSolution
		HideSolutionNode = FALSE
	EndGlobalSection
	GlobalSection(ProjectConfigurationPlatforms) = postSolution
		{4907CAD7-0248-4676-8E60-34BBBB425B65}.Debug|Any CPU.ActiveCfg = Debug|Any CPU
		{4907CAD7-0248-4676-8E60-34BBBB425B65}.Debug|Any CPU.Build.0 = Debug|Any CPU
		{4907CAD7-0248-4676-8E60-34BBBB425B65}.Release|Any CPU.ActiveCfg = Release|Any CPU
		{4907CAD7-0248-4676-8E60-34BBBB425B65}.Release|Any CPU.Build.0 = Release|Any CPU
		{959E5B6E-C327-458B-862F-6887E9D1BACE}.Debug|Any CPU.ActiveCfg = Debug|Any CPU
		{959E5B6E-C327-458B-862F-6887E9D1BACE}.Debug|Any CPU.Build.0 = Debug|Any CPU
		{959E5B6E-C327-458B-862F-6887E9D1BACE}.Release|Any CPU.ActiveCfg = Release|Any CPU
		{959E5B6E-C327-458B-862F-6887E9D1BACE}.Release|Any CPU.Build.0 = Release|Any CPU
		{F96432EF-CF74-4623-926B-F13F2859EAA4}.Debug|Any CPU.ActiveCfg = Debug|Any CPU
		{F96432EF-CF74-4623-926B-F13F2859EAA4}.Debug|Any CPU.Build.0 = Debug|Any CPU
		{F96432EF-CF74-4623-926B-F13F2859EAA4}.Release|Any CPU.ActiveCfg = Release|Any CPU
		{F96432EF-CF74-4623-926B-F13F2859EAA4}.Release|Any CPU.Build.0 = Release|Any CPU
		{A27E469C-104D-4411-A583-9B56EE04A4E1}.Debug|Any CPU.ActiveCfg = Debug|Any CPU
		{A27E469C-104D-4411-A583-9B56EE04A4E1}.Debug|Any CPU.Build.0 = Debug|Any CPU
		{A27E469C-104D-4411-A583-9B56EE04A4E1}.Release|Any CPU.ActiveCfg = Release|Any CPU
		{A27E469C-104D-4411-A583-9B56EE04A4E1}.Release|Any CPU.Build.0 = Release|Any CPU
		{B8A23451-EEDE-40B6-9823-B39B89A34DDC}.Debug|Any CPU.ActiveCfg = Debug|Any CPU
		{B8A23451-EEDE-40B6-9823-B39B89A34DDC}.Debug|Any CPU.Build.0 = Debug|Any CPU
		{B8A23451-EEDE-40B6-9823-B39B89A34DDC}.Release|Any CPU.ActiveCfg = Release|Any CPU
		{B8A23451-EEDE-40B6-9823-B39B89A34DDC}.Release|Any CPU.Build.0 = Release|Any CPU
	EndGlobalSection
EndGlobal
